
Microsoft Visual Studio Solution File, Format Version 12.00
# Visual Studio Version 17
VisualStudioVersion = 17.1.32407.343
MinimumVisualStudioVersion = 10.0.40219.1
Project("{9A19103F-16F7-4668-BE54-9A1E7A4F7556}") = "Machine1", "RabbitMq-crash\Machine1.csproj", "{46A9983D-A502-4EF8-A7D3-11E89A5497B9}"
EndProject
Project("{9A19103F-16F7-4668-BE54-9A1E7A4F7556}") = "Machine2", "Machine2\Machine2.csproj", "{4DB3A244-5BE6-4D7F-951D-5A8E968F8049}"
EndProject
Global
	GlobalSection(SolutionConfigurationPlatforms) = preSolution
		Debug|Any CPU = Debug|Any CPU
		Release|Any CPU = Release|Any CPU
	EndGlobalSection
	GlobalSection(ProjectConfigurationPlatforms) = postSolution
		{46A9983D-A502-4EF8-A7D3-11E89A5497B9}.Debug|Any CPU.ActiveCfg = Debug|Any CPU
		{46A9983D-A502-4EF8-A7D3-11E89A5497B9}.Debug|Any CPU.Build.0 = Debug|Any CPU
		{46A9983D-A502-4EF8-A7D3-11E89A5497B9}.Release|Any CPU.ActiveCfg = Release|Any CPU
		{46A9983D-A502-4EF8-A7D3-11E89A5497B9}.Release|Any CPU.Build.0 = Release|Any CPU
		{4DB3A244-5BE6-4D7F-951D-5A8E968F8049}.Debug|Any CPU.ActiveCfg = Debug|Any CPU
		{4DB3A244-5BE6-4D7F-951D-5A8E968F8049}.Debug|Any CPU.Build.0 = Debug|Any CPU
		{4DB3A244-5BE6-4D7F-951D-5A8E968F8049}.Release|Any CPU.ActiveCfg = Release|Any CPU
		{4DB3A244-5BE6-4D7F-951D-5A8E968F8049}.Release|Any CPU.Build.0 = Release|Any CPU
	EndGlobalSection
	GlobalSection(SolutionProperties) = preSolution
		HideSolutionNode = FALSE
	EndGlobalSection
	GlobalSection(ExtensibilityGlobals) = postSolution
		SolutionGuid = {EFD7C002-29C7-413D-B9CE-B6D050C2401D}
	EndGlobalSection
EndGlobal
